{
  "schema": "reallyme.identity.conformance.sources.v1",
  "sources": [
    {
      "id": "CONTRACT",
      "title": "ReallyMe SSI repository architecture",
      "version": "workspace local",
      "url": "../../docs/ARCHITECTURE.md"
    },
    {
      "id": "COMPLIANCE-MAP",
      "title": "ReallyMe SSI standards and conformance overview",
      "version": "workspace local",
      "url": "../../README.md"
    },
    {
      "id": "RFC7515",
      "title": "JSON Web Signature (JWS)",
      "version": "May 2015",
      "url": "https://www.rfc-editor.org/rfc/rfc7515.html"
    },
    {
      "id": "RFC7516",
      "title": "JSON Web Encryption (JWE)",
      "version": "May 2015",
      "url": "https://www.rfc-editor.org/rfc/rfc7516.html"
    },
    {
      "id": "RFC7517",
      "title": "JSON Web Key (JWK)",
      "version": "May 2015",
      "url": "https://www.rfc-editor.org/rfc/rfc7517.html"
    },
    {
      "id": "RFC7518",
      "title": "JSON Web Algorithms (JWA)",
      "version": "May 2015",
      "url": "https://www.rfc-editor.org/rfc/rfc7518.html"
    },
    {
      "id": "RFC7519",
      "title": "JSON Web Token (JWT)",
      "version": "May 2015",
      "url": "https://www.rfc-editor.org/rfc/rfc7519.html"
    },
    {
      "id": "RFC7636",
      "title": "Proof Key for Code Exchange by OAuth Public Clients",
      "version": "September 2015",
      "url": "https://www.rfc-editor.org/rfc/rfc7636.html"
    },
    {
      "id": "RFC7638",
      "title": "JSON Web Key (JWK) Thumbprint",
      "version": "September 2015",
      "url": "https://www.rfc-editor.org/rfc/rfc7638.html"
    },
    {
      "id": "RFC8725",
      "title": "JSON Web Token Best Current Practices",
      "version": "February 2020",
      "url": "https://www.rfc-editor.org/rfc/rfc8725.html"
    },
    {
      "id": "RFC9052",
      "title": "CBOR Object Signing and Encryption (COSE): Structures",
      "version": "August 2022",
      "url": "https://www.rfc-editor.org/rfc/rfc9052.html"
    },
    {
      "id": "RFC9053",
      "title": "CBOR Object Signing and Encryption (COSE): Initial Algorithms",
      "version": "August 2022",
      "url": "https://www.rfc-editor.org/rfc/rfc9053.html"
    },
    {
      "id": "RFC9360",
      "title": "CBOR Object Signing and Encryption (COSE): Header Parameters for Carrying and Referencing X.509 Certificates",
      "version": "February 2023",
      "url": "https://www.rfc-editor.org/rfc/rfc9360.html"
    },
    {
      "id": "RFC9596",
      "title": "CBOR Object Signing and Encryption (COSE) typ (type) Header Parameter",
      "version": "June 2024",
      "url": "https://www.rfc-editor.org/rfc/rfc9596.html"
    },
    {
      "id": "RFC9126",
      "title": "OAuth 2.0 Pushed Authorization Requests",
      "version": "September 2021",
      "url": "https://www.rfc-editor.org/rfc/rfc9126.html"
    },
    {
      "id": "RFC9449",
      "title": "OAuth 2.0 Demonstrating Proof of Possession",
      "version": "September 2023",
      "url": "https://www.rfc-editor.org/rfc/rfc9449.html"
    },
    {
      "id": "RFC5280",
      "title": "Internet X.509 Public Key Infrastructure Certificate and Certificate Revocation List Profile",
      "version": "May 2008",
      "url": "https://www.rfc-editor.org/rfc/rfc5280.html"
    },
    {
      "id": "RFC9901",
      "title": "Selective Disclosure for JWTs (SD-JWT)",
      "version": "2025",
      "url": "https://www.rfc-editor.org/rfc/rfc9901.html"
    },
    {
      "id": "I-D-OAUTH-SD-JWT-VC-19",
      "title": "SD-JWT-based Verifiable Digital Credentials (SD-JWT VC)",
      "version": "draft-ietf-oauth-sd-jwt-vc-19 (August 2026)",
      "url": "https://datatracker.ietf.org/doc/html/draft-ietf-oauth-sd-jwt-vc-19"
    },
    {
      "id": "I-D-OAUTH-ATTESTATION-CLIENT-AUTH-11",
      "title": "OAuth 2.0 Attestation-Based Client Authentication",
      "version": "draft-ietf-oauth-attestation-based-client-auth-11 (September 2026)",
      "url": "https://datatracker.ietf.org/doc/html/draft-ietf-oauth-attestation-based-client-auth-11"
    },
    {
      "id": "I-D-OAUTH-STATUS-LIST-21",
      "title": "Token Status List (TSL)",
      "version": "draft-ietf-oauth-status-list-21 (June 2026)",
      "url": "https://datatracker.ietf.org/doc/html/draft-ietf-oauth-status-list-21"
    },
    {
      "id": "ETSI-TS-119-182-1",
      "title": "JAdES digital signatures; Part 1: Building blocks and JAdES baseline signatures",
      "version": "V1.2.1 (2024-07)",
      "url": "https://www.etsi.org/deliver/etsi_ts/119100_119199/11918201/01.02.01_60/ts_11918201v010201p.pdf"
    },
    {
      "id": "ETSI-EN-319-132-1",
      "title": "XAdES digital signatures; Part 1: Building blocks and XAdES baseline signatures",
      "version": "V1.3.1 (2024-07)",
      "url": "https://www.etsi.org/deliver/etsi_en/319100_319199/31913201/01.03.01_60/en_31913201v010301p.pdf"
    },
    {
      "id": "ETSI-TS-119-602",
      "title": "Lists of trusted entities; Data model",
      "version": "V1.1.1 (2025-11)",
      "url": "https://www.etsi.org/deliver/etsi_TS/119600_119699/119602/01.01.01_60/ts_119602v010101p.pdf"
    },
    {
      "id": "ETSI-TS-119-612",
      "title": "Trusted Lists",
      "version": "V2.4.1 (2025-08)",
      "url": "https://www.etsi.org/deliver/etsi_ts/119600_119699/119612/02.04.01_60/ts_119612v020401p.pdf"
    },
    {
      "id": "ETSI-TS-119-312",
      "title": "Cryptographic Suites",
      "version": "V2.1.1 (2026-06)",
      "url": "https://www.etsi.org/deliver/etsi_ts/119300_119399/119312/02.01.01_60/ts_119312v020101p.pdf"
    },
    {
      "id": "ETSI-TS-119-412-6",
      "title": "Certificate Profiles; Part 6: Certificate profile requirements for PID, Wallet, EAA, QEAA, and PSBEAA providers",
      "version": "V1.2.1 (2026-04)",
      "url": "https://www.etsi.org/deliver/etsi_ts/119400_119499/11941206/01.02.01_60/ts_11941206v010201p.pdf"
    },
    {
      "id": "ETSI-TS-119-411-8",
      "title": "Policy and security requirements for Trust Service Providers issuing certificates; Part 8: Access Certificate Policy for EUDI Wallet Relying Parties",
      "version": "V1.1.1 (2025-10)",
      "url": "https://www.etsi.org/deliver/etsi_ts/119400_119499/11941108/01.01.01_60/ts_11941108v010101p.pdf"
    },
    {
      "id": "ETSI-TS-119-475",
      "title": "Relying party attributes supporting EUDI Wallet user's authorization decisions",
      "version": "V1.2.1 (2026-03)",
      "url": "https://www.etsi.org/deliver/etsi_ts/119400_119499/119475/01.02.01_60/ts_119475v010201p.pdf"
    },
    {
      "id": "ETSI-TS-119-472-1",
      "title": "EAA formats and signing mechanisms; Part 1: General and format requirements",
      "version": "V1.2.1",
      "url": "https://www.etsi.org/deliver/etsi_ts/119400_119499/11947201/01.02.01_60/ts_11947201v010201p.pdf"
    },
    {
      "id": "ETSI-TS-119-472-2",
      "title": "EAA formats and signing mechanisms; Part 2: Presentation requirements",
      "version": "V1.3.1",
      "url": "https://www.etsi.org/deliver/etsi_ts/119400_119499/11947202/01.03.01_60/ts_11947202v010301p.pdf"
    },
    {
      "id": "ETSI-TS-119-472-3",
      "title": "EAA formats and signing mechanisms; Part 3: Issuance requirements",
      "version": "V1.1.1",
      "url": "https://www.etsi.org/deliver/etsi_ts/119400_119499/11947203/01.01.01_60/ts_11947203v010101p.pdf"
    },
    {
      "id": "EUDI-TS5-1.5",
      "title": "EUDI Wallet Relying Party Registrar API and common data model",
      "version": "v1.5 at fce24dbb59af093e189deaac280ed65a1aca65c3",
      "url": "https://github.com/eu-digital-identity-wallet/eudi-doc-standards-and-technical-specifications/tree/fce24dbb59af093e189deaac280ed65a1aca65c3"
    },
    {
      "id": "EUDI-TS6-1.2.2",
      "title": "EUDI common set of Wallet Relying Party information to be registered",
      "version": "v1.2.2 at 9c59198922c5a1f1a305ca9eecff1d587e8a6258",
      "url": "https://github.com/eu-digital-identity-wallet/eudi-doc-standards-and-technical-specifications/blob/9c59198922c5a1f1a305ca9eecff1d587e8a6258/docs/technical-specifications/ts6-common-set-of-rp-information-to-be-registered.md"
    },
    {
      "id": "EU-2025-848",
      "title": "Commission Implementing Regulation (EU) 2025/848 on registration of wallet-relying parties",
      "version": "6 May 2025",
      "url": "https://eur-lex.europa.eu/eli/reg_impl/2025/848/oj"
    },
    {
      "id": "EU-2026-1730",
      "title": "Commission Implementing Regulation (EU) 2026/1730 amending wallet-relying-party registration requirements",
      "version": "2026/1730",
      "url": "https://eur-lex.europa.eu/eli/reg_impl/2026/1730/oj"
    },
    {
      "id": "OIDF-OPENID4VP-CONFORMANCE",
      "title": "OpenID Foundation OpenID for Verifiable Presentations conformance suite",
      "version": "public conformance suite inspected 2026-07-13",
      "url": "https://openid.net/certification/conformance-testing-for-openid-for-verifiable-presentations/"
    },
    {
      "id": "ISO18013-5",
      "title": "ISO/IEC 18013-5 mobile driving licence application",
      "version": "ISO/IEC 18013-5:2021",
      "url": "licensed-standard-not-vendored"
    },
    {
      "id": "ICAO9303",
      "title": "ICAO Doc 9303 Machine Readable Travel Documents",
      "version": "edition selected by the supported travel-document profile",
      "url": "https://www.icao.int/publications/pages/publication.aspx?docnum=9303"
    },
    {
      "id": "W3C-VC-DM-2.0",
      "title": "Verifiable Credentials Data Model v2.0",
      "version": "W3C Recommendation 15 May 2025",
      "url": "https://www.w3.org/TR/vc-data-model-2.0/"
    },
    {
      "id": "W3C-DID-CORE",
      "title": "Decentralized Identifiers (DIDs) v1.0",
      "version": "W3C Recommendation 19 July 2022",
      "url": "https://www.w3.org/TR/did-core/"
    },
    {
      "id": "DID-METHODS",
      "title": "ReallyMe supported DID method identifier vector registry",
      "version": "workspace local",
      "url": "../vectors/did-methods.json"
    },
    {
      "id": "EUDI-ARF",
      "title": "European Digital Identity Wallet Architecture and Reference Framework",
      "version": "v3.0.0",
      "url": "https://github.com/eu-digital-identity-wallet/eudi-doc-architecture-and-reference-framework/releases/tag/v3.0.0"
    },
    {
      "id": "EU-2024-2977",
      "title": "Commission Implementing Regulation (EU) 2024/2977 on person identification data and electronic attestations of attributes issued to European Digital Identity Wallets",
      "version": "28 November 2024; OJ L, 2024/2977, 4 December 2024",
      "url": "https://eur-lex.europa.eu/eli/reg_impl/2024/2977/oj"
    },
    {
      "id": "EU-2024-1183",
      "title": "Regulation (EU) 2024/1183 establishing the European Digital Identity Framework",
      "version": "11 April 2024; OJ L, 2024/1183, 30 April 2024",
      "url": "https://eur-lex.europa.eu/eli/reg/2024/1183/oj"
    },
    {
      "id": "EU-2025-1569",
      "title": "Commission Implementing Regulation (EU) 2025/1569 on qualified electronic attestations of attributes and public-sector authentic-source attestations",
      "version": "29 July 2025; OJ L, 2025/1569, 30 July 2025",
      "url": "https://eur-lex.europa.eu/eli/reg_impl/2025/1569/oj"
    },
    {
      "id": "EU-2003-751",
      "title": "Decision No 189 introducing the European health insurance card",
      "version": "18 June 2003; OJ L 276, 27 October 2003",
      "url": "https://eur-lex.europa.eu/legal-content/EN/TXT/?uri=celex:32003D0751"
    },
    {
      "id": "ELM-3",
      "title": "European Learning Model v3",
      "version": "European Commission model for learning opportunities, qualifications, accreditation, and credentials",
      "url": "https://github.com/european-commission-empl/European-Learning-Model"
    }
  ]
}
